
Microsoft Visual Studio Solution File, Format Version 12.00
# Visual Studio Version 16
VisualStudioVersion = 16.0.30114.105
MinimumVisualStudioVersion = 10.0.40219.1
Project("{2150E333-8FDC-42A3-9474-1A3956D46DE8}") = "src", "src", "{C6C95B0C-2F5D-4FAD-8AA8-4CC95E5BF194}"
EndProject
Project("{FAE04EC0-301F-11D3-BF4B-00C04F79EFBC}") = "IdentityServer", "src\IdentityServer\IdentityServer.csproj", "{F10AD909-0830-4A81-9835-61A29B23E769}"
EndProject
Project("{FAE04EC0-301F-11D3-BF4B-00C04F79EFBC}") = "EmployeeApi", "src\EmployeeApi\EmployeeApi.csproj", "{C96654C9-4638-44F1-B09B-433F71C02943}"
EndProject
Project("{FAE04EC0-301F-11D3-BF4B-00C04F79EFBC}") = "Client", "src\Client\Client.csproj", "{E1D4D6DD-E886-49C1-BAAB-8A67AE0B4FF2}"
EndProject
Global
	GlobalSection(SolutionConfigurationPlatforms) = preSolution
		Debug|Any CPU = Debug|Any CPU
		Release|Any CPU = Release|Any CPU
	EndGlobalSection
	GlobalSection(SolutionProperties) = preSolution
		HideSolutionNode = FALSE
	EndGlobalSection
	GlobalSection(ProjectConfigurationPlatforms) = postSolution
		{F10AD909-0830-4A81-9835-61A29B23E769}.Debug|Any CPU.ActiveCfg = Debug|Any CPU
		{F10AD909-0830-4A81-9835-61A29B23E769}.Debug|Any CPU.Build.0 = Debug|Any CPU
		{F10AD909-0830-4A81-9835-61A29B23E769}.Release|Any CPU.ActiveCfg = Release|Any CPU
		{F10AD909-0830-4A81-9835-61A29B23E769}.Release|Any CPU.Build.0 = Release|Any CPU
		{C96654C9-4638-44F1-B09B-433F71C02943}.Debug|Any CPU.ActiveCfg = Debug|Any CPU
		{C96654C9-4638-44F1-B09B-433F71C02943}.Debug|Any CPU.Build.0 = Debug|Any CPU
		{C96654C9-4638-44F1-B09B-433F71C02943}.Release|Any CPU.ActiveCfg = Release|Any CPU
		{C96654C9-4638-44F1-B09B-433F71C02943}.Release|Any CPU.Build.0 = Release|Any CPU
		{E1D4D6DD-E886-49C1-BAAB-8A67AE0B4FF2}.Debug|Any CPU.ActiveCfg = Debug|Any CPU
		{E1D4D6DD-E886-49C1-BAAB-8A67AE0B4FF2}.Debug|Any CPU.Build.0 = Debug|Any CPU
		{E1D4D6DD-E886-49C1-BAAB-8A67AE0B4FF2}.Release|Any CPU.ActiveCfg = Release|Any CPU
		{E1D4D6DD-E886-49C1-BAAB-8A67AE0B4FF2}.Release|Any CPU.Build.0 = Release|Any CPU
	EndGlobalSection
	GlobalSection(NestedProjects) = preSolution
		{F10AD909-0830-4A81-9835-61A29B23E769} = {C6C95B0C-2F5D-4FAD-8AA8-4CC95E5BF194}
		{C96654C9-4638-44F1-B09B-433F71C02943} = {C6C95B0C-2F5D-4FAD-8AA8-4CC95E5BF194}
		{E1D4D6DD-E886-49C1-BAAB-8A67AE0B4FF2} = {C6C95B0C-2F5D-4FAD-8AA8-4CC95E5BF194}
	EndGlobalSection
EndGlobal
